
Microsoft Visual Studio Solution File, Format Version 12.00
# Visual Studio Version 17
VisualStudioVersion = 17.1.32414.318
MinimumVisualStudioVersion = 10.0.40219.1
Project("{FAE04EC0-301F-11D3-BF4B-00C04F79EFBC}") = "tictactoeA2", "tictactoeA2\tictactoeA2.csproj", "{BB0C722A-ABAD-44A5-A7B4-403F9AEF7541}"
EndProject
Global
	GlobalSection(SolutionConfigurationPlatforms) = preSolution
		Debug|Any CPU = Debug|Any CPU
		Release|Any CPU = Release|Any CPU
	EndGlobalSection
	GlobalSection(ProjectConfigurationPlatforms) = postSolution
		{BB0C722A-ABAD-44A5-A7B4-403F9AEF7541}.Debug|Any CPU.ActiveCfg = Debug|Any CPU
		{BB0C722A-ABAD-44A5-A7B4-403F9AEF7541}.Debug|Any CPU.Build.0 = Debug|Any CPU
		{BB0C722A-ABAD-44A5-A7B4-403F9AEF7541}.Release|Any CPU.ActiveCfg = Release|Any CPU
		{BB0C722A-ABAD-44A5-A7B4-403F9AEF7541}.Release|Any CPU.Build.0 = Release|Any CPU
	EndGlobalSection
	GlobalSection(SolutionProperties) = preSolution
		HideSolutionNode = FALSE
	EndGlobalSection
	GlobalSection(ExtensibilityGlobals) = postSolution
		SolutionGuid = {E7D56C1A-3A7D-44F1-B846-F3F47950B715}
	EndGlobalSection
EndGlobal
